{
  "version": 1,
  "dependencies": {
    "net10.0-windows10.0.22621": {
      "Jacobi.Vst": {
        "type": "Direct",
        "requested": "[2.0.0-alpha, )",
        "resolved": "2.0.0-alpha",
        "contentHash": "Sk56rlHF4TmSgbDXkqq8ABNg/Pb93n3wFbNvq5oCwBMgPJXYMBM/zGKHBq+g+Ilg2ZgqvmwqFtB25CW1PVYbqg==",
        "dependencies": {
          "Microsoft.Extensions.Configuration": "3.1.2"
        }
      },
      "Microsoft.Extensions.Configuration": {
        "type": "Transitive",
        "resolved": "3.1.2",
        "contentHash": "BxwRSBab309SYMCDCFyB6eSc7FnX5m9kOJQHw2IQIyb5PEtpfslhscTw63Gwhl3dPnaM1VGFXIyI0BVgpiLgOw==",
        "dependencies": {
          "Microsoft.Extensions.Configuration.Abstractions": "3.1.2"
        }
      },
      "Microsoft.Extensions.Configuration.Abstractions": {
        "type": "Transitive",
        "resolved": "3.1.2",
        "contentHash": "xmfdVdazTslWJ8od7uNS9QSPqn1wBC84RLprPrFS20EdAqd3lV0g0IZAitYbCiiICpjktnhzbUb85aLHNZ3RQw==",
        "dependencies": {
          "Microsoft.Extensions.Primitives": "3.1.2"
        }
      },
      "Microsoft.Extensions.Primitives": {
        "type": "Transitive",
        "resolved": "3.1.2",
        "contentHash": "WGtoFWY9yc9HGMG6ObDNQPz9dBP+xz/GqFe2dKjdE/cSdXFEKxCFTyYCzL/e8kxVkc/Bq9qjOsXRWydvn0g9Uw=="
      },
      "Microsoft.ML.OnnxRuntime": {
        "type": "Transitive",
        "resolved": "1.18.0",
        "contentHash": "K379Dh/KZAm0RwrieOueiNFsES5/0qr5f9aHYA7ZU04AJa0U5BxvAKc26DTwjVpJ6q46JXTK9TzVYOeQuVZyTg==",
        "dependencies": {
          "Microsoft.ML.OnnxRuntime.Managed": "1.18.0"
        }
      },
      "Microsoft.ML.OnnxRuntime.Managed": {
        "type": "Transitive",
        "resolved": "1.18.0",
        "contentHash": "tXjZ8nCjFJZSw8qltPFwpiyS6WTB1uxRNiWVujzr/nlwwtpMlE8wIF0JvuaxsE+LzZzNGAeYggKxbrrafRxwJw=="
      },
      "NAudio": {
        "type": "Transitive",
        "resolved": "2.2.0",
        "contentHash": "1ZImYczIftCJFV9dLfB5seeo0lSem3wBkbx134XicCRNwPf3JFGNshszCZyN7AW+Q90lzQA0SRAlSepaFNgC4A==",
        "dependencies": {
          "NAudio.Asio": "2.2.0",
          "NAudio.Core": "2.2.0",
          "NAudio.Midi": "2.2.0",
          "NAudio.Wasapi": "22.0.0",
          "NAudio.WinForms": "2.2.0",
          "NAudio.WinMM": "2.2.0"
        }
      },
      "NAudio.Asio": {
        "type": "Transitive",
        "resolved": "2.2.0",
        "contentHash": "mv2Nv5NAORFpGg8Aehu5biAiT4izj+RvctoTEKWqPgt0FQJXx7kd03vyQHIOHYmvSp5q26lAkBCzSQuRG/8ldw==",
        "dependencies": {
          "NAudio.Core": "2.2.0"
        }
      },
      "NAudio.Core": {
        "type": "Transitive",
        "resolved": "2.2.0",
        "contentHash": "6jOWa+ZB04ByuWSSQ1cQnKv6zujX0ZCsSpd/UrCqHyHbUGuVP64X76QTwphudGUJRUBAIsZ9HVMqPaXP6qlpPw=="
      },
      "NAudio.Midi": {
        "type": "Transitive",
        "resolved": "2.2.0",
        "contentHash": "+SO7cw3mrH2k5TQxZdt6FvmW7OnwvzFwPbjXGpD2lqnuTfN3Xr13nwqfX9DDcmT7/P+qJy+mqrAZwaN0EuDbrA==",
        "dependencies": {
          "NAudio.Core": "2.2.0"
        }
      },
      "NAudio.Wasapi": {
        "type": "Transitive",
        "resolved": "22.0.0",
        "contentHash": "wDPj5OVl54TGnRbdPJQa6VuAShe3rYDgCLFn4jrqHzpGEQ54FCzmjDsS/KLbb0M6mln83K+kQ1vQzY7SQGDEEg==",
        "dependencies": {
          "NAudio.Core": "2.2.0"
        }
      },
      "NAudio.WinForms": {
        "type": "Transitive",
        "resolved": "2.2.0",
        "contentHash": "vWJ6NQY5p9BvJSvI3VydFXjwFl91iOj9AOI24Pa4G/9fNp8CunHgxVuOcJfjZ7ZEEVWK+g4NslS+tDlNze7LeQ==",
        "dependencies": {
          "NAudio.WinMM": "2.2.0"
        }
      },
      "NAudio.WinMM": {
        "type": "Transitive",
        "resolved": "2.2.0",
        "contentHash": "MnszU7s34+OVParz72w4dNhYFjjk3Cu/nI9mqHOuS2nvxDT9XvqmY64mSwDrxY3CQReUWKHj3sBkY//VCMgfGg==",
        "dependencies": {
          "NAudio.Core": "2.2.0"
        }
      },
      "hotmic.common": {
        "type": "Project"
      },
      "hotmic.core": {
        "type": "Project",
        "dependencies": {
          "HotMic.Common": "[1.0.0, )",
          "Microsoft.ML.OnnxRuntime": "[1.18.0, )",
          "NAudio": "[2.2.0, )"
        }
      }
    },
    "net10.0-windows10.0.22621/win-x64": {
      "Jacobi.Vst": {
        "type": "Direct",
        "requested": "[2.0.0-alpha, )",
        "resolved": "2.0.0-alpha",
        "contentHash": "Sk56rlHF4TmSgbDXkqq8ABNg/Pb93n3wFbNvq5oCwBMgPJXYMBM/zGKHBq+g+Ilg2ZgqvmwqFtB25CW1PVYbqg==",
        "dependencies": {
          "Microsoft.Extensions.Configuration": "3.1.2"
        }
      },
      "Microsoft.ML.OnnxRuntime": {
        "type": "Transitive",
        "resolved": "1.18.0",
        "contentHash": "K379Dh/KZAm0RwrieOueiNFsES5/0qr5f9aHYA7ZU04AJa0U5BxvAKc26DTwjVpJ6q46JXTK9TzVYOeQuVZyTg==",
        "dependencies": {
          "Microsoft.ML.OnnxRuntime.Managed": "1.18.0"
        }
      }
    }
  }
}